
Microsoft Visual Studio Solution File, Format Version 12.00
# Visual Studio Version 17
VisualStudioVersion = 17.7.34202.233
MinimumVisualStudioVersion = 10.0.40219.1
Project("{9A19103F-16F7-4668-BE54-9A1E7A4F7556}") = "BackEndFormation", "BackEndFormation\BackEndFormation.csproj", "{6B444B2E-E4D3-42A1-B150-DB3516A0961E}"
EndProject
Project("{9A19103F-16F7-4668-BE54-9A1E7A4F7556}") = "BackEndFormationTests", "BackEndFormationTests\BackEndFormationTests.csproj", "{6EC1A0C3-8047-49A6-8109-0F54A8769E32}"
EndProject
Project("{2150E333-8FDC-42A3-9474-1A3956D46DE8}") = "Libs", "Libs", "{26DB7A08-0750-4A17-8D37-D0B6A4115709}"
EndProject
Project("{9A19103F-16F7-4668-BE54-9A1E7A4F7556}") = "BackEndFormation.Core.Selfies.Domain", "BackEndFormation.Core.Selfies.Domain\BackEndFormation.Core.Selfies.Domain.csproj", "{26438767-715E-42BF-BFA5-CFDA8BEC065A}"
EndProject
Project("{2150E333-8FDC-42A3-9474-1A3956D46DE8}") = "Tests", "Tests", "{A980A877-01BF-4025-BE4A-39C9917CE522}"
EndProject
Project("{9A19103F-16F7-4668-BE54-9A1E7A4F7556}") = "BackEndFormation.Core.Selfies.Infrastructures", "BanckEndFormation.Core.Selfies.Infrastructures\BackEndFormation.Core.Selfies.Infrastructures.csproj", "{C1D841A8-287C-4F1D-A364-063D025F67F1}"
EndProject
Project("{FAE04EC0-301F-11D3-BF4B-00C04F79EFBC}") = "BackEndFormation.Core.FrameWork", "BackEndFormation.Core.FrameWork\BackEndFormation.Core.FrameWork.csproj", "{3159F52E-D84A-4B8E-8D39-EBD1D154C26C}"
EndProject
Global
	GlobalSection(SolutionConfigurationPlatforms) = preSolution
		Debug|Any CPU = Debug|Any CPU
		Release|Any CPU = Release|Any CPU
	EndGlobalSection
	GlobalSection(ProjectConfigurationPlatforms) = postSolution
		{6B444B2E-E4D3-42A1-B150-DB3516A0961E}.Debug|Any CPU.ActiveCfg = Debug|Any CPU
		{6B444B2E-E4D3-42A1-B150-DB3516A0961E}.Debug|Any CPU.Build.0 = Debug|Any CPU
		{6B444B2E-E4D3-42A1-B150-DB3516A0961E}.Release|Any CPU.ActiveCfg = Release|Any CPU
		{6B444B2E-E4D3-42A1-B150-DB3516A0961E}.Release|Any CPU.Build.0 = Release|Any CPU
		{6EC1A0C3-8047-49A6-8109-0F54A8769E32}.Debug|Any CPU.ActiveCfg = Debug|Any CPU
		{6EC1A0C3-8047-49A6-8109-0F54A8769E32}.Debug|Any CPU.Build.0 = Debug|Any CPU
		{6EC1A0C3-8047-49A6-8109-0F54A8769E32}.Release|Any CPU.ActiveCfg = Release|Any CPU
		{6EC1A0C3-8047-49A6-8109-0F54A8769E32}.Release|Any CPU.Build.0 = Release|Any CPU
		{26438767-715E-42BF-BFA5-CFDA8BEC065A}.Debug|Any CPU.ActiveCfg = Debug|Any CPU
		{26438767-715E-42BF-BFA5-CFDA8BEC065A}.Debug|Any CPU.Build.0 = Debug|Any CPU
		{26438767-715E-42BF-BFA5-CFDA8BEC065A}.Release|Any CPU.ActiveCfg = Release|Any CPU
		{26438767-715E-42BF-BFA5-CFDA8BEC065A}.Release|Any CPU.Build.0 = Release|Any CPU
		{C1D841A8-287C-4F1D-A364-063D025F67F1}.Debug|Any CPU.ActiveCfg = Debug|Any CPU
		{C1D841A8-287C-4F1D-A364-063D025F67F1}.Debug|Any CPU.Build.0 = Debug|Any CPU
		{C1D841A8-287C-4F1D-A364-063D025F67F1}.Release|Any CPU.ActiveCfg = Release|Any CPU
		{C1D841A8-287C-4F1D-A364-063D025F67F1}.Release|Any CPU.Build.0 = Release|Any CPU
		{3159F52E-D84A-4B8E-8D39-EBD1D154C26C}.Debug|Any CPU.ActiveCfg = Debug|Any CPU
		{3159F52E-D84A-4B8E-8D39-EBD1D154C26C}.Debug|Any CPU.Build.0 = Debug|Any CPU
		{3159F52E-D84A-4B8E-8D39-EBD1D154C26C}.Release|Any CPU.ActiveCfg = Release|Any CPU
		{3159F52E-D84A-4B8E-8D39-EBD1D154C26C}.Release|Any CPU.Build.0 = Release|Any CPU
	EndGlobalSection
	GlobalSection(SolutionProperties) = preSolution
		HideSolutionNode = FALSE
	EndGlobalSection
	GlobalSection(NestedProjects) = preSolution
		{6EC1A0C3-8047-49A6-8109-0F54A8769E32} = {A980A877-01BF-4025-BE4A-39C9917CE522}
		{26438767-715E-42BF-BFA5-CFDA8BEC065A} = {26DB7A08-0750-4A17-8D37-D0B6A4115709}
		{C1D841A8-287C-4F1D-A364-063D025F67F1} = {26DB7A08-0750-4A17-8D37-D0B6A4115709}
		{3159F52E-D84A-4B8E-8D39-EBD1D154C26C} = {26DB7A08-0750-4A17-8D37-D0B6A4115709}
	EndGlobalSection
	GlobalSection(ExtensibilityGlobals) = postSolution
		SolutionGuid = {4B9343B5-3DA4-4CCD-91B1-4E3FD2624CDE}
	EndGlobalSection
EndGlobal
